# THIS IS AN AUTOGENERATED FILE. DO NOT EDIT THIS FILE DIRECTLY.
# yarn lockfile v1


"@types/prop-types@*":
  version "15.7.0"
  resolved "https://registry.yarnpkg.com/@types/prop-types/-/prop-types-15.7.0.tgz#4c48fed958d6dcf9487195a0ef6456d5f6e0163a"
  integrity sha512-eItQyV43bj4rR3JPV0Skpl1SncRCdziTEK9/v8VwXmV6d/qOUO8/EuWeHBbCZcsfSHfzI5UyMJLCSXtxxznyZg==

"@types/react-native@^0.57.42":
  version "0.57.42"
  resolved "https://registry.yarnpkg.com/@types/react-native/-/react-native-0.57.42.tgz#06ad92cd1378146402b7667de13cb7b935d194d6"
  integrity sha512-Ms4RI8Oyi8HOIwlteFhgRE7TA9chP/mliLeJCzjKBOywYpile5TrXQF8lRDYzcC1zyTyoopu/u8VMlF+FS7VnA==
  dependencies:
    "@types/prop-types" "*"
    "@types/react" "*"

"@types/react@*", "@types/react@^16.8.12":
  version "16.8.12"
  resolved "https://registry.yarnpkg.com/@types/react/-/react-16.8.12.tgz#ffbdd7bcd2b7037c3f78e26c708922a2befbb71f"
  integrity sha512-MZZiv11BQhsxFp5DHDmRKBi6Nv3jwOhRiFFDE7ZJ1+rb52gdOd9y/qY0+5wyV/PQVK9926wFMjpQj3BJ18pb4Q==
  dependencies:
    "@types/prop-types" "*"
    csstype "^2.2.0"

csstype@^2.2.0:
  version "2.6.3"
  resolved "https://registry.yarnpkg.com/csstype/-/csstype-2.6.3.tgz#b701e5968245bf9b08d54ac83d00b624e622a9fa"
  integrity sha512-rINUZXOkcBmoHWEyu7JdHu5JMzkGRoMX4ov9830WNgxf5UYxcBUO0QTKAqeJ5EZfSdlrcJYkC8WwfVW7JYi4yg==

typescript@^3.4.2:
  version "3.4.2"
  resolved "https://registry.yarnpkg.com/typescript/-/typescript-3.4.2.tgz#9ed4e6475d906f589200193be056f5913caed481"
  integrity sha512-Og2Vn6Mk7JAuWA1hQdDQN/Ekm/SchX80VzLhjKN9ETYrIepBFAd8PkOdOTK2nKt0FCkmMZKBJvQ1dV1gIxPu/A==
